
Microsoft Visual Studio Solution File, Format Version 12.00
# Visual Studio Version 17
VisualStudioVersion = 17.14.36915.13 d17.14
MinimumVisualStudioVersion = 10.0.40219.1
Project("{FAE04EC0-301F-11D3-BF4B-00C04F79EFBC}") = "praktika1", "praktika1\praktika1.csproj", "{3F44E529-12D3-4F3B-9212-07FF8E39A7FA}"
EndProject
Global
	GlobalSection(SolutionConfigurationPlatforms) = preSolution
		Debug|Any CPU = Debug|Any CPU
		Release|Any CPU = Release|Any CPU
	EndGlobalSection
	GlobalSection(ProjectConfigurationPlatforms) = postSolution
		{3F44E529-12D3-4F3B-9212-07FF8E39A7FA}.Debug|Any CPU.ActiveCfg = Debug|Any CPU
		{3F44E529-12D3-4F3B-9212-07FF8E39A7FA}.Debug|Any CPU.Build.0 = Debug|Any CPU
		{3F44E529-12D3-4F3B-9212-07FF8E39A7FA}.Release|Any CPU.ActiveCfg = Release|Any CPU
		{3F44E529-12D3-4F3B-9212-07FF8E39A7FA}.Release|Any CPU.Build.0 = Release|Any CPU
	EndGlobalSection
	GlobalSection(SolutionProperties) = preSolution
		HideSolutionNode = FALSE
	EndGlobalSection
	GlobalSection(ExtensibilityGlobals) = postSolution
		SolutionGuid = {3446BDCF-E849-43C4-8B9A-0ABA819EDCBC}
	EndGlobalSection
EndGlobal
