
Microsoft Visual Studio Solution File, Format Version 12.00
# Visual Studio Version 17
VisualStudioVersion = 17.14.36915.13 d17.14
MinimumVisualStudioVersion = 10.0.40219.1
Project("{FAE04EC0-301F-11D3-BF4B-00C04F79EFBC}") = "OfficeStaffTerminal", "OfficeStaffTerminal\OfficeStaffTerminal.csproj", "{79B90216-E039-49F2-AA87-D04828A863B8}"
EndProject
Global
	GlobalSection(SolutionConfigurationPlatforms) = preSolution
		Debug|Any CPU = Debug|Any CPU
		Release|Any CPU = Release|Any CPU
	EndGlobalSection
	GlobalSection(ProjectConfigurationPlatforms) = postSolution
		{79B90216-E039-49F2-AA87-D04828A863B8}.Debug|Any CPU.ActiveCfg = Debug|Any CPU
		{79B90216-E039-49F2-AA87-D04828A863B8}.Debug|Any CPU.Build.0 = Debug|Any CPU
		{79B90216-E039-49F2-AA87-D04828A863B8}.Release|Any CPU.ActiveCfg = Release|Any CPU
		{79B90216-E039-49F2-AA87-D04828A863B8}.Release|Any CPU.Build.0 = Release|Any CPU
	EndGlobalSection
	GlobalSection(SolutionProperties) = preSolution
		HideSolutionNode = FALSE
	EndGlobalSection
	GlobalSection(ExtensibilityGlobals) = postSolution
		SolutionGuid = {C3A6BFF7-E2FF-49AC-9F72-8E0C4FC5BBF7}
	EndGlobalSection
EndGlobal
